# WebGPU plugin selected by setup.sh/setup.ps1 alongside a compatible core ONNX Runtime.
# Install with --no-deps because the selected core runtime is installed first.
onnxruntime-ep-webgpu==0.1.0 \
    --hash=sha256:203d130fa879537950e02b3fe68edd1e8c058f94dab3ba668ae74993a16f8b75 \
    --hash=sha256:777c6c7a645160eb3b50473b508458feee9bd399ac98392b4c32a0d73c9fad07 \
    --hash=sha256:ea934a10f66d6725555ec3133ec470aeabde474f4eff40cbbcaa72c19eb96a35
